
Microsoft Visual Studio Solution File, Format Version 12.00
# Visual Studio Version 17
VisualStudioVersion = 17.10.34928.147
MinimumVisualStudioVersion = 10.0.40219.1
Project("{FAE04EC0-301F-11D3-BF4B-00C04F79EFBC}") = "FontTouchUp", "FontTouchUp\FontTouchUp.csproj", "{0CAFF3E6-D082-4AA9-9056-84E0A95D9BA0}"
EndProject
Global
	GlobalSection(SolutionConfigurationPlatforms) = preSolution
		Debug|Any CPU = Debug|Any CPU
		Release|Any CPU = Release|Any CPU
	EndGlobalSection
	GlobalSection(ProjectConfigurationPlatforms) = postSolution
		{0CAFF3E6-D082-4AA9-9056-84E0A95D9BA0}.Debug|Any CPU.ActiveCfg = Debug|Any CPU
		{0CAFF3E6-D082-4AA9-9056-84E0A95D9BA0}.Debug|Any CPU.Build.0 = Debug|Any CPU
		{0CAFF3E6-D082-4AA9-9056-84E0A95D9BA0}.Release|Any CPU.ActiveCfg = Release|Any CPU
		{0CAFF3E6-D082-4AA9-9056-84E0A95D9BA0}.Release|Any CPU.Build.0 = Release|Any CPU
	EndGlobalSection
	GlobalSection(SolutionProperties) = preSolution
		HideSolutionNode = FALSE
	EndGlobalSection
	GlobalSection(ExtensibilityGlobals) = postSolution
		SolutionGuid = {C3A0C07C-B7F0-4892-9D9A-7A3B7BA84CC7}
	EndGlobalSection
EndGlobal
